
Microsoft Visual Studio Solution File, Format Version 12.00
# Visual Studio Version 16
VisualStudioVersion = 16.0.30907.101
MinimumVisualStudioVersion = 10.0.40219.1
Project("{FAE04EC0-301F-11D3-BF4B-00C04F79EFBC}") = "FindYourApi.WebAPI.WebApp", "FindYourApi.WebAPI.WebApp\FindYourApi.WebAPI.WebApp.csproj", "{6CC8720F-9E0A-4937-A2CA-C0043367F563}"
EndProject
Global
	GlobalSection(SolutionConfigurationPlatforms) = preSolution
		Debug|Any CPU = Debug|Any CPU
		Release|Any CPU = Release|Any CPU
	EndGlobalSection
	GlobalSection(ProjectConfigurationPlatforms) = postSolution
		{6CC8720F-9E0A-4937-A2CA-C0043367F563}.Debug|Any CPU.ActiveCfg = Debug|Any CPU
		{6CC8720F-9E0A-4937-A2CA-C0043367F563}.Debug|Any CPU.Build.0 = Debug|Any CPU
		{6CC8720F-9E0A-4937-A2CA-C0043367F563}.Release|Any CPU.ActiveCfg = Release|Any CPU
		{6CC8720F-9E0A-4937-A2CA-C0043367F563}.Release|Any CPU.Build.0 = Release|Any CPU
	EndGlobalSection
	GlobalSection(SolutionProperties) = preSolution
		HideSolutionNode = FALSE
	EndGlobalSection
	GlobalSection(ExtensibilityGlobals) = postSolution
		SolutionGuid = {97121A1F-03A1-45A1-B4C7-D430BF14A3AE}
	EndGlobalSection
EndGlobal
